
Microsoft Visual Studio Solution File, Format Version 12.00
# Visual Studio Version 17
VisualStudioVersion = 17.4.33213.308
MinimumVisualStudioVersion = 10.0.40219.1
Project("{FAE04EC0-301F-11D3-BF4B-00C04F79EFBC}") = "WPFEntityDemo", "WPFEntityDemo\WPFEntityDemo.csproj", "{EA21D54F-CAAB-4F58-A3AA-244D44FBA8CF}"
EndProject
Global
	GlobalSection(SolutionConfigurationPlatforms) = preSolution
		Debug|Any CPU = Debug|Any CPU
		Release|Any CPU = Release|Any CPU
	EndGlobalSection
	GlobalSection(ProjectConfigurationPlatforms) = postSolution
		{EA21D54F-CAAB-4F58-A3AA-244D44FBA8CF}.Debug|Any CPU.ActiveCfg = Debug|Any CPU
		{EA21D54F-CAAB-4F58-A3AA-244D44FBA8CF}.Debug|Any CPU.Build.0 = Debug|Any CPU
		{EA21D54F-CAAB-4F58-A3AA-244D44FBA8CF}.Release|Any CPU.ActiveCfg = Release|Any CPU
		{EA21D54F-CAAB-4F58-A3AA-244D44FBA8CF}.Release|Any CPU.Build.0 = Release|Any CPU
	EndGlobalSection
	GlobalSection(SolutionProperties) = preSolution
		HideSolutionNode = FALSE
	EndGlobalSection
	GlobalSection(ExtensibilityGlobals) = postSolution
		SolutionGuid = {F8F1129E-FE65-43F9-80E0-9F3CF0D0B81A}
	EndGlobalSection
EndGlobal
